<?xml version="1.0" encoding="utf-8"?>
<Project ToolsVersion="4.0" xmlns="http://schemas.microsoft.com/developer/msbuild/2003">
  <ItemGroup>
    <Filter Include="Source Files">
      <UniqueIdentifier>{4FC737F1-C7A5-4376-A066-2A32D752A2FF}</UniqueIdentifier>
      <Extensions>cpp;c;cc;cxx;def;odl;idl;hpj;bat;asm;asmx</Extensions>
    </Filter>
    <Filter Include="Header Files">
      <UniqueIdentifier>{93995380-89BD-4b04-88EB-625FBE52EBFB}</UniqueIdentifier>
      <Extensions>h;hh;hpp;hxx;hm;inl;inc;xsd</Extensions>
    </Filter>
    <Filter Include="Resource Files">
      <UniqueIdentifier>{67DA6AB6-F800-4c08-8B7A-83BB121AAD01}</UniqueIdentifier>
      <Extensions>rc;ico;cur;bmp;dlg;rc2;rct;bin;rgs;gif;jpg;jpeg;jpe;resx;tiff;tif;png;wav;mfcribbon-ms</Extensions>
    </Filter>
    <Filter Include="Shaders">
      <UniqueIdentifier>{2abd6faf-4496-404d-b23a-e59ceaf168b1}</UniqueIdentifier>
    </Filter>
    <Filter Include="Header Files\ogl">
      <UniqueIdentifier>{3d49a2c2-7d38-4b92-a0fa-d8f53f58fd75}</UniqueIdentifier>
    </Filter>
    <Filter Include="Header Files\ogl\Public">
      <UniqueIdentifier>{3c017208-b757-4edd-b7d7-3f38c60f5dea}</UniqueIdentifier>
    </Filter>
    <Filter Include="Header Files\ogl\Private">
      <UniqueIdentifier>{0a634ca3-539d-407c-a153-e7673317882e}</UniqueIdentifier>
    </Filter>
    <Filter Include="Source Files\Public">
      <UniqueIdentifier>{68a5a4c4-204f-4082-ad59-96bc76e7433d}</UniqueIdentifier>
    </Filter>
    <Filter Include="Source Files\Private">
      <UniqueIdentifier>{d80563a9-0fc5-4c42-99e6-f97c3c366520}</UniqueIdentifier>
    </Filter>
    <Filter Include="Source Files\Public\Effects">
      <UniqueIdentifier>{66646165-988c-4ff1-a9c7-b8fa3569541c}</UniqueIdentifier>
    </Filter>
    <Filter Include="Source Files\Private\Effects">
      <UniqueIdentifier>{0d7e7c18-d306-4801-8bd9-b95c773ec760}</UniqueIdentifier>
    </Filter>
    <Filter Include="Source Files\Public\App">
      <UniqueIdentifier>{edc42b5a-f201-4af7-8ea1-547c89e040c6}</UniqueIdentifier>
    </Filter>
    <Filter Include="Source Files\Private\App">
      <UniqueIdentifier>{fed2d2af-48ba-4d71-833f-84bc6c013fde}</UniqueIdentifier>
    </Filter>
  </ItemGroup>
  <ItemGroup>
    <ClCompile Include="Source\main.cpp">
      <Filter>Source Files</Filter>
    </ClCompile>
    <ClCompile Include="Source\ogl\math_3d.cpp">
      <Filter>Header Files\ogl\Private</Filter>
    </ClCompile>
    <ClCompile Include="Source\ogl\ogldev_util.cpp">
      <Filter>Header Files\ogl\Private</Filter>
    </ClCompile>
    <ClCompile Include="Source\ogl\pipeline.cpp">
      <Filter>Header Files\ogl\Private</Filter>
    </ClCompile>
    <ClCompile Include="Source\ogl\camera.cpp">
      <Filter>Header Files\ogl\Private</Filter>
    </ClCompile>
    <ClCompile Include="Source\ogl\ogldev_atb.cpp">
      <Filter>Header Files\ogl\Private</Filter>
    </ClCompile>
    <ClCompile Include="Source\ogl\ogldev_basic_lighting.cpp">
      <Filter>Header Files\ogl\Private</Filter>
    </ClCompile>
    <ClCompile Include="Source\ogl\technique.cpp">
      <Filter>Header Files\ogl\Private</Filter>
    </ClCompile>
    <ClCompile Include="Source\Common.cpp">
      <Filter>Source Files\Private</Filter>
    </ClCompile>
    <ClCompile Include="ThirdParty\GLAD\src\glad.c">
      <Filter>Source Files\Private</Filter>
    </ClCompile>
    <ClCompile Include="Source\PngLoader.cpp">
      <Filter>Source Files\Private</Filter>
    </ClCompile>
    <ClCompile Include="Source\CxTexture.cpp">
      <Filter>Source Files\Private</Filter>
    </ClCompile>
    <ClCompile Include="Source\CxApp.cpp">
      <Filter>Source Files\Private</Filter>
    </ClCompile>
    <ClCompile Include="Source\LightApp.cpp">
      <Filter>Source Files\Private</Filter>
    </ClCompile>
    <ClCompile Include="Source\LightingTechnique.cpp">
      <Filter>Source Files\Private</Filter>
    </ClCompile>
    <ClCompile Include="Source\IAppCallback.cpp">
      <Filter>Source Files\Private</Filter>
    </ClCompile>
    <ClCompile Include="Source\Effects\BasicShadingEffect.cpp">
      <Filter>Source Files\Private\Effects</Filter>
    </ClCompile>
    <ClCompile Include="Source\App\BasicAPP.cpp">
      <Filter>Source Files\Private\App</Filter>
    </ClCompile>
  </ItemGroup>
  <ItemGroup>
    <ClInclude Include="Source\ogl\ogldev_math_3d.h">
      <Filter>Header Files\ogl\Public</Filter>
    </ClInclude>
    <ClInclude Include="Source\ogl\ogldev_util.h">
      <Filter>Header Files\ogl\Public</Filter>
    </ClInclude>
    <ClInclude Include="Source\ogl\ogldev_types.h">
      <Filter>Header Files\ogl\Public</Filter>
    </ClInclude>
    <ClInclude Include="Source\ogl\ogldev_pipeline.h">
      <Filter>Header Files\ogl\Public</Filter>
    </ClInclude>
    <ClInclude Include="Source\ogl\ogldev_camera.h">
      <Filter>Header Files\ogl\Public</Filter>
    </ClInclude>
    <ClInclude Include="Source\ogl\ogldev_keys.h">
      <Filter>Header Files\ogl\Public</Filter>
    </ClInclude>
    <ClInclude Include="Source\ogl\ogldev_atb.h">
      <Filter>Header Files\ogl\Public</Filter>
    </ClInclude>
    <ClInclude Include="Source\ogl\ogldev_basic_lighting.h">
      <Filter>Header Files\ogl\Public</Filter>
    </ClInclude>
    <ClInclude Include="Source\ogl\technique.h">
      <Filter>Header Files\ogl\Public</Filter>
    </ClInclude>
    <ClInclude Include="Source\Common.h">
      <Filter>Source Files\Public</Filter>
    </ClInclude>
    <ClInclude Include="Source\CommonTypes.h">
      <Filter>Source Files\Public</Filter>
    </ClInclude>
    <ClInclude Include="Source\ShaderManager.h">
      <Filter>Source Files\Public</Filter>
    </ClInclude>
    <ClInclude Include="Source\PngLoader.h">
      <Filter>Source Files\Public</Filter>
    </ClInclude>
    <ClInclude Include="Source\CxTexture.h">
      <Filter>Source Files\Public</Filter>
    </ClInclude>
    <ClInclude Include="Source\CxApp.h">
      <Filter>Source Files\Public</Filter>
    </ClInclude>
    <ClInclude Include="Source\LightApp.h">
      <Filter>Source Files\Public</Filter>
    </ClInclude>
    <ClInclude Include="Source\LightingTechnique.h">
      <Filter>Source Files\Public</Filter>
    </ClInclude>
    <ClInclude Include="Source\IAppCallback.h">
      <Filter>Source Files\Public</Filter>
    </ClInclude>
    <ClInclude Include="Source\Effects\BasicShadingEffect.h">
      <Filter>Source Files\Public\Effects</Filter>
    </ClInclude>
    <ClInclude Include="Source\App\BasicAPP.h">
      <Filter>Source Files\Public\App</Filter>
    </ClInclude>
  </ItemGroup>
  <ItemGroup>
    <None Include="Source\shaders\BaseVS.glsl">
      <Filter>Shaders</Filter>
    </None>
    <None Include="Source\shaders\BaseFS.glsl">
      <Filter>Shaders</Filter>
    </None>
    <None Include="Source\shaders\LightingVS.glsl">
      <Filter>Shaders</Filter>
    </None>
    <None Include="Source\shaders\LightingFS.glsl">
      <Filter>Shaders</Filter>
    </None>
    <None Include="Source\shaders\DebugBaseVS.glsl">
      <Filter>Shaders</Filter>
    </None>
    <None Include="Source\shaders\DebugBaseFS.glsl">
      <Filter>Shaders</Filter>
    </None>
  </ItemGroup>
</Project>